
Microsoft Visual Studio Solution File, Format Version 12.00
# Visual Studio Version 17
VisualStudioVersion = 17.5.33424.131
MinimumVisualStudioVersion = 10.0.40219.1
Project("{FAE04EC0-301F-11D3-BF4B-00C04F79EFBC}") = "getDragonBallSuper", "getDragonBallSuper\getDragonBallSuper.csproj", "{CEE02739-A81B-498F-AEC3-266AC54D9A02}"
EndProject
Global
	GlobalSection(SolutionConfigurationPlatforms) = preSolution
		Debug|Any CPU = Debug|Any CPU
		Release|Any CPU = Release|Any CPU
	EndGlobalSection
	GlobalSection(ProjectConfigurationPlatforms) = postSolution
		{CEE02739-A81B-498F-AEC3-266AC54D9A02}.Debug|Any CPU.ActiveCfg = Debug|Any CPU
		{CEE02739-A81B-498F-AEC3-266AC54D9A02}.Debug|Any CPU.Build.0 = Debug|Any CPU
		{CEE02739-A81B-498F-AEC3-266AC54D9A02}.Release|Any CPU.ActiveCfg = Release|Any CPU
		{CEE02739-A81B-498F-AEC3-266AC54D9A02}.Release|Any CPU.Build.0 = Release|Any CPU
	EndGlobalSection
	GlobalSection(SolutionProperties) = preSolution
		HideSolutionNode = FALSE
	EndGlobalSection
	GlobalSection(ExtensibilityGlobals) = postSolution
		SolutionGuid = {2D4C37C0-8ADB-4142-968A-63E4ED7F541E}
	EndGlobalSection
EndGlobal
